// !$*UTF8*$!
{
	archiveVersion = 1;
	classes = {
	};
	objectVersion = 48;
	objects = {

/* Begin PBXBuildFile section */
		2666DA481FF668C8007AFABF /* AudioPlayerManager.swift in Sources */ = {isa = PBXBuildFile; fileRef = 2666DA471FF668C8007AFABF /* AudioPlayerManager.swift */; };
		26CA6DC31FF5F63F00C22610 /* AppDelegate.swift in Sources */ = {isa = PBXBuildFile; fileRef = 26CA6DC21FF5F63F00C22610 /* AppDelegate.swift */; };
		26CA6DC51FF5F63F00C22610 /* ViewController.swift in Sources */ = {isa = PBXBuildFile; fileRef = 26CA6DC41FF5F63F00C22610 /* ViewController.swift */; };
		26CA6DC81FF5F63F00C22610 /* Main.storyboard in Resources */ = {isa = PBXBuildFile; fileRef = 26CA6DC61FF5F63F00C22610 /* Main.storyboard */; };
		26CA6DCA1FF5F63F00C22610 /* Assets.xcassets in Resources */ = {isa = PBXBuildFile; fileRef = 26CA6DC91FF5F63F00C22610 /* Assets.xcassets */; };
		26CA6DCD1FF5F63F00C22610 /* LaunchScreen.storyboard in Resources */ = {isa = PBXBuildFile; fileRef = 26CA6DCB1FF5F63F00C22610 /* LaunchScreen.storyboard */; };
		26CA6DD71FF5F65B00C22610 /* AudioToolbox.framework in Frameworks */ = {isa = PBXBuildFile; fileRef = 26CA6DD61FF5F65B00C22610 /* AudioToolbox.framework */; };
		26CA6DD91FF5F6EB00C22610 /* AudioRecorderManager.swift in Sources */ = {isa = PBXBuildFile; fileRef = 26CA6DD81FF5F6EB00C22610 /* AudioRecorderManager.swift */; };
/* End PBXBuildFile section */

/* Begin PBXFileReference section */
		2666DA471FF668C8007AFABF /* AudioPlayerManager.swift */ = {isa = PBXFileReference; lastKnownFileType = sourcecode.swift; path = AudioPlayerManager.swift; sourceTree = "<group>"; };
		26CA6DBF1FF5F63F00C22610 /* AudioRecorder.app */ = {isa = PBXFileReference; explicitFileType = wrapper.application; includeInIndex = 0; path = AudioRecorder.app; sourceTree = BUILT_PRODUCTS_DIR; };
		26CA6DC21FF5F63F00C22610 /* AppDelegate.swift */ = {isa = PBXFileReference; lastKnownFileType = sourcecode.swift; path = AppDelegate.swift; sourceTree = "<group>"; };
		26CA6DC41FF5F63F00C22610 /* ViewController.swift */ = {isa = PBXFileReference; lastKnownFileType = sourcecode.swift; path = ViewController.swift; sourceTree = "<group>"; };
		26CA6DC71FF5F63F00C22610 /* Base */ = {isa = PBXFileReference; lastKnownFileType = file.storyboard; name = Base; path = Base.lproj/Main.storyboard; sourceTree = "<group>"; };
		26CA6DC91FF5F63F00C22610 /* Assets.xcassets */ = {isa = PBXFileReference; lastKnownFileType = folder.assetcatalog; path = Assets.xcassets; sourceTree = "<group>"; };
		26CA6DCC1FF5F63F00C22610 /* Base */ = {isa = PBXFileReference; lastKnownFileType = file.storyboard; name = Base; path = Base.lproj/LaunchScreen.storyboard; sourceTree = "<group>"; };
		26CA6DCE1FF5F63F00C22610 /* Info.plist */ = {isa = PBXFileReference; lastKnownFileType = text.plist.xml; path = Info.plist; sourceTree = "<group>"; };
		26CA6DD41FF5F65B00C22610 /* AudioRecorder.entitlements */ = {isa = PBXFileReference; lastKnownFileType = text.plist.entitlements; path = AudioRecorder.entitlements; sourceTree = "<group>"; };
		26CA6DD61FF5F65B00C22610 /* AudioToolbox.framework */ = {isa = PBXFileReference; lastKnownFileType = wrapper.framework; name = AudioToolbox.framework; path = System/Library/Frameworks/AudioToolbox.framework; sourceTree = SDKROOT; };
		26CA6DD81FF5F6EB00C22610 /* AudioRecorderManager.swift */ = {isa = PBXFileReference; lastKnownFileType = sourcecode.swift; path = AudioRecorderManager.swift; sourceTree = "<group>"; };
/* End PBXFileReference section */

/* Begin PBXFrameworksBuildPhase section */
		26CA6DBC1FF5F63F00C22610 /* Frameworks */ = {
			isa = PBXFrameworksBuildPhase;
			buildActionMask = 2147483647;
			files = (
				26CA6DD71FF5F65B00C22610 /* AudioToolbox.framework in Frameworks */,
			);
			runOnlyForDeploymentPostprocessing = 0;
		};
/* End PBXFrameworksBuildPhase section */

/* Begin PBXGroup section */
		26CA6DB61FF5F63F00C22610 = {
			isa = PBXGroup;
			children = (
				26CA6DC11FF5F63F00C22610 /* AudioRecorder */,
				26CA6DC01FF5F63F00C22610 /* Products */,
				26CA6DD51FF5F65B00C22610 /* Frameworks */,
			);
			sourceTree = "<group>";
		};
		26CA6DC01FF5F63F00C22610 /* Products */ = {
			isa = PBXGroup;
			children = (
				26CA6DBF1FF5F63F00C22610 /* AudioRecorder.app */,
			);
			name = Products;
			sourceTree = "<group>";
		};
		26CA6DC11FF5F63F00C22610 /* AudioRecorder */ = {
			isa = PBXGroup;
			children = (
				26CA6DD41FF5F65B00C22610 /* AudioRecorder.entitlements */,
				26CA6DC21FF5F63F00C22610 /* AppDelegate.swift */,
				26CA6DC41FF5F63F00C22610 /* ViewController.swift */,
				26CA6DD81FF5F6EB00C22610 /* AudioRecorderManager.swift */,
				26CA6DC61FF5F63F00C22610 /* Main.storyboard */,
				26CA6DC91FF5F63F00C22610 /* Assets.xcassets */,
				26CA6DCB1FF5F63F00C22610 /* LaunchScreen.storyboard */,
				26CA6DCE1FF5F63F00C22610 /* Info.plist */,
				2666DA471FF668C8007AFABF /* AudioPlayerManager.swift */,
			);
			path = AudioRecorder;
			sourceTree = "<group>";
		};
		26CA6DD51FF5F65B00C22610 /* Frameworks */ = {
			isa = PBXGroup;
			children = (
				26CA6DD61FF5F65B00C22610 /* AudioToolbox.framework */,
			);
			name = Frameworks;
			sourceTree = "<group>";
		};
/* End PBXGroup section */

/* Begin PBXNativeTarget section */
		26CA6DBE1FF5F63F00C22610 /* AudioRecorder */ = {
			isa = PBXNativeTarget;
			buildConfigurationList = 26CA6DD11FF5F63F00C22610 /* Build configuration list for PBXNativeTarget "AudioRecorder" */;
			buildPhases = (
				26CA6DBB1FF5F63F00C22610 /* Sources */,
				26CA6DBC1FF5F63F00C22610 /* Frameworks */,
				26CA6DBD1FF5F63F00C22610 /* Resources */,
			);
			buildRules = (
			);
			dependencies = (
			);
			name = AudioRecorder;
			productName = AudioRecorder;
			productReference = 26CA6DBF1FF5F63F00C22610 /* AudioRecorder.app */;
			productType = "com.apple.product-type.application";
		};
/* End PBXNativeTarget section */

/* Begin PBXProject section */
		26CA6DB71FF5F63F00C22610 /* Project object */ = {
			isa = PBXProject;
			attributes = {
				LastSwiftUpdateCheck = 0920;
				LastUpgradeCheck = 0920;
				ORGANIZATIONNAME = junginin;
				TargetAttributes = {
					26CA6DBE1FF5F63F00C22610 = {
						CreatedOnToolsVersion = 9.2;
						ProvisioningStyle = Automatic;
						SystemCapabilities = {
							com.apple.InterAppAudio = {
								enabled = 1;
							};
						};
					};
				};
			};
			buildConfigurationList = 26CA6DBA1FF5F63F00C22610 /* Build configuration list for PBXProject "AudioRecorder" */;
			compatibilityVersion = "Xcode 8.0";
			developmentRegion = en;
			hasScannedForEncodings = 0;
			knownRegions = (
				en,
				Base,
			);
			mainGroup = 26CA6DB61FF5F63F00C22610;
			productRefGroup = 26CA6DC01FF5F63F00C22610 /* Products */;
			projectDirPath = "";
			projectRoot = "";
			targets = (
				26CA6DBE1FF5F63F00C22610 /* AudioRecorder */,
			);
		};
/* End PBXProject section */

/* Begin PBXResourcesBuildPhase section */
		26CA6DBD1FF5F63F00C22610 /* Resources */ = {
			isa = PBXResourcesBuildPhase;
			buildActionMask = 2147483647;
			files = (
				26CA6DCD1FF5F63F00C22610 /* LaunchScreen.storyboard in Resources */,
				26CA6DCA1FF5F63F00C22610 /* Assets.xcassets in Resources */,
				26CA6DC81FF5F63F00C22610 /* Main.storyboard in Resources */,
			);
			runOnlyForDeploymentPostprocessing = 0;
		};
/* End PBXResourcesBuildPhase section */

/* Begin PBXSourcesBuildPhase section */
		26CA6DBB1FF5F63F00C22610 /* Sources */ = {
			isa = PBXSourcesBuildPhase;
			buildActionMask = 2147483647;
			files = (
				26CA6DC51FF5F63F00C22610 /* ViewController.swift in Sources */,
				2666DA481FF668C8007AFABF /* AudioPlayerManager.swift in Sources */,
				26CA6DD91FF5F6EB00C22610 /* AudioRecorderManager.swift in Sources */,
				26CA6DC31FF5F63F00C22610 /* AppDelegate.swift in Sources */,
			);
			runOnlyForDeploymentPostprocessing = 0;
		};
/* End PBXSourcesBuildPhase section */

/* Begin PBXVariantGroup section */
		26CA6DC61FF5F63F00C22610 /* Main.storyboard */ = {
			isa = PBXVariantGroup;
			children = (
				26CA6DC71FF5F63F00C22610 /* Base */,
			);
			name = Main.storyboard;
			sourceTree = "<group>";
		};
		26CA6DCB1FF5F63F00C22610 /* LaunchScreen.storyboard */ = {
			isa = PBXVariantGroup;
			children = (
				26CA6DCC1FF5F63F00C22610 /* Base */,
			);
			name = LaunchScreen.storyboard;
			sourceTree = "<group>";
		};
/* End PBXVariantGroup section */

/* Begin XCBuildConfiguration section */
		26CA6DCF1FF5F63F00C22610 /* Debug */ = {
			isa = XCBuildConfiguration;
			buildSettings = {
				ALWAYS_SEARCH_USER_PATHS = NO;
				CLANG_ANALYZER_NONNULL = YES;
				CLANG_ANALYZER_NUMBER_OBJECT_CONVERSION = YES_AGGRESSIVE;
				CLANG_CXX_LANGUAGE_STANDARD = "gnu++14";
				CLANG_CXX_LIBRARY = "libc++";
				CLANG_ENABLE_MODULES = YES;
				CLANG_ENABLE_OBJC_ARC = YES;
				CLANG_WARN_BLOCK_CAPTURE_AUTORELEASING = YES;
				CLANG_WARN_BOOL_CONVERSION = YES;
				CLANG_WARN_COMMA = YES;
				CLANG_WARN_CONSTANT_CONVERSION = YES;
				CLANG_WARN_DIRECT_OBJC_ISA_USAGE = YES_ERROR;
				CLANG_WARN_DOCUMENTATION_COMMENTS = YES;
				CLANG_WARN_EMPTY_BODY = YES;
				CLANG_WARN_ENUM_CONVERSION = YES;
				CLANG_WARN_INFINITE_RECURSION = YES;
				CLANG_WARN_INT_CONVERSION = YES;
				CLANG_WARN_NON_LITERAL_NULL_CONVERSION = YES;
				CLANG_WARN_OBJC_LITERAL_CONVERSION = YES;
				CLANG_WARN_OBJC_ROOT_CLASS = YES_ERROR;
				CLANG_WARN_RANGE_LOOP_ANALYSIS = YES;
				CLANG_WARN_STRICT_PROTOTYPES = YES;
				CLANG_WARN_SUSPICIOUS_MOVE = YES;
				CLANG_WARN_UNGUARDED_AVAILABILITY = YES_AGGRESSIVE;
				CLANG_WARN_UNREACHABLE_CODE = YES;
				CLANG_WARN__DUPLICATE_METHOD_MATCH = YES;
				CODE_SIGN_IDENTITY = "iPhone Developer";
				COPY_PHASE_STRIP = NO;
				DEBUG_INFORMATION_FORMAT = dwarf;
				ENABLE_STRICT_OBJC_MSGSEND = YES;
				ENABLE_TESTABILITY = YES;
				GCC_C_LANGUAGE_STANDARD = gnu11;
				GCC_DYNAMIC_NO_PIC = NO;
				GCC_NO_COMMON_BLOCKS = YES;
				GCC_OPTIMIZATION_LEVEL = 0;
				GCC_PREPROCESSOR_DEFINITIONS = (
					"DEBUG=1",
					"$(inherited)",
				);
				GCC_WARN_64_TO_32_BIT_CONVERSION = YES;
				GCC_WARN_ABOUT_RETURN_TYPE = YES_ERROR;
				GCC_WARN_UNDECLARED_SELECTOR = YES;
				GCC_WARN_UNINITIALIZED_AUTOS = YES_AGGRESSIVE;
				GCC_WARN_UNUSED_FUNCTION = YES;
				GCC_WARN_UNUSED_VARIABLE = YES;
				IPHONEOS_DEPLOYMENT_TARGET = 11.2;
				MTL_ENABLE_DEBUG_INFO = YES;
				ONLY_ACTIVE_ARCH = YES;
				SDKROOT = iphoneos;
				SWIFT_ACTIVE_COMPILATION_CONDITIONS = DEBUG;
				SWIFT_OPTIMIZATION_LEVEL = "-Onone";
			};
			name = Debug;
		};
		26CA6DD01FF5F63F00C22610 /* Release */ = {
			isa = XCBuildConfiguration;
			buildSettings = {
				ALWAYS_SEARCH_USER_PATHS = NO;
				CLANG_ANALYZER_NONNULL = YES;
				CLANG_ANALYZER_NUMBER_OBJECT_CONVERSION = YES_AGGRESSIVE;
				CLANG_CXX_LANGUAGE_STANDARD = "gnu++14";
				CLANG_CXX_LIBRARY = "libc++";
				CLANG_ENABLE_MODULES = YES;
				CLANG_ENABLE_OBJC_ARC = YES;
				CLANG_WARN_BLOCK_CAPTURE_AUTORELEASING = YES;
				CLANG_WARN_BOOL_CONVERSION = YES;
				CLANG_WARN_COMMA = YES;
				CLANG_WARN_CONSTANT_CONVERSION = YES;
				CLANG_WARN_DIRECT_OBJC_ISA_USAGE = YES_ERROR;
				CLANG_WARN_DOCUMENTATION_COMMENTS = YES;
				CLANG_WARN_EMPTY_BODY = YES;
				CLANG_WARN_ENUM_CONVERSION = YES;
				CLANG_WARN_INFINITE_RECURSION = YES;
				CLANG_WARN_INT_CONVERSION = YES;
				CLANG_WARN_NON_LITERAL_NULL_CONVERSION = YES;
				CLANG_WARN_OBJC_LITERAL_CONVERSION = YES;
				CLANG_WARN_OBJC_ROOT_CLASS = YES_ERROR;
				CLANG_WARN_RANGE_LOOP_ANALYSIS = YES;
				CLANG_WARN_STRICT_PROTOTYPES = YES;
				CLANG_WARN_SUSPICIOUS_MOVE = YES;
				CLANG_WARN_UNGUARDED_AVAILABILITY = YES_AGGRESSIVE;
				CLANG_WARN_UNREACHABLE_CODE = YES;
				CLANG_WARN__DUPLICATE_METHOD_MATCH = YES;
				CODE_SIGN_IDENTITY = "iPhone Developer";
				COPY_PHASE_STRIP = NO;
				DEBUG_INFORMATION_FORMAT = "dwarf-with-dsym";
				ENABLE_NS_ASSERTIONS = NO;
				ENABLE_STRICT_OBJC_MSGSEND = YES;
				GCC_C_LANGUAGE_STANDARD = gnu11;
				GCC_NO_COMMON_BLOCKS = YES;
				GCC_WARN_64_TO_32_BIT_CONVERSION = YES;
				GCC_WARN_ABOUT_RETURN_TYPE = YES_ERROR;
				GCC_WARN_UNDECLARED_SELECTOR = YES;
				GCC_WARN_UNINITIALIZED_AUTOS = YES_AGGRESSIVE;
				GCC_WARN_UNUSED_FUNCTION = YES;
				GCC_WARN_UNUSED_VARIABLE = YES;
				IPHONEOS_DEPLOYMENT_TARGET = 11.2;
				MTL_ENABLE_DEBUG_INFO = NO;
				SDKROOT = iphoneos;
				SWIFT_OPTIMIZATION_LEVEL = "-Owholemodule";
				VALIDATE_PRODUCT = YES;
			};
			name = Release;
		};
		26CA6DD21FF5F63F00C22610 /* Debug */ = {
			isa = XCBuildConfiguration;
			buildSettings = {
				ASSETCATALOG_COMPILER_APPICON_NAME = AppIcon;
				CODE_SIGN_ENTITLEMENTS = AudioRecorder/AudioRecorder.entitlements;
				CODE_SIGN_STYLE = Automatic;
				DEVELOPMENT_TEAM = N3NXYKN7VM;
				INFOPLIST_FILE = AudioRecorder/Info.plist;
				LD_RUNPATH_SEARCH_PATHS = "$(inherited) @executable_path/Frameworks";
				PRODUCT_BUNDLE_IDENTIFIER = com.jungining.AudioRecorder;
				PRODUCT_NAME = "$(TARGET_NAME)";
				SWIFT_VERSION = 4.0;
				TARGETED_DEVICE_FAMILY = "1,2";
			};
			name = Debug;
		};
		26CA6DD31FF5F63F00C22610 /* Release */ = {
			isa = XCBuildConfiguration;
			buildSettings = {
				ASSETCATALOG_COMPILER_APPICON_NAME = AppIcon;
				CODE_SIGN_ENTITLEMENTS = AudioRecorder/AudioRecorder.entitlements;
				CODE_SIGN_STYLE = Automatic;
				DEVELOPMENT_TEAM = N3NXYKN7VM;
				INFOPLIST_FILE = AudioRecorder/Info.plist;
				LD_RUNPATH_SEARCH_PATHS = "$(inherited) @executable_path/Frameworks";
				PRODUCT_BUNDLE_IDENTIFIER = com.jungining.AudioRecorder;
				PRODUCT_NAME = "$(TARGET_NAME)";
				SWIFT_VERSION = 4.0;
				TARGETED_DEVICE_FAMILY = "1,2";
			};
			name = Release;
		};
/* End XCBuildConfiguration section */

/* Begin XCConfigurationList section */
		26CA6DBA1FF5F63F00C22610 /* Build configuration list for PBXProject "AudioRecorder" */ = {
			isa = XCConfigurationList;
			buildConfigurations = (
				26CA6DCF1FF5F63F00C22610 /* Debug */,
				26CA6DD01FF5F63F00C22610 /* Release */,
			);
			defaultConfigurationIsVisible = 0;
			defaultConfigurationName = Release;
		};
		26CA6DD11FF5F63F00C22610 /* Build configuration list for PBXNativeTarget "AudioRecorder" */ = {
			isa = XCConfigurationList;
			buildConfigurations = (
				26CA6DD21FF5F63F00C22610 /* Debug */,
				26CA6DD31FF5F63F00C22610 /* Release */,
			);
			defaultConfigurationIsVisible = 0;
			defaultConfigurationName = Release;
		};
/* End XCConfigurationList section */
	};
	rootObject = 26CA6DB71FF5F63F00C22610 /* Project object */;
}
